
Microsoft Visual Studio Solution File, Format Version 12.00
# Visual Studio Version 16
VisualStudioVersion = 16.0.31410.357
MinimumVisualStudioVersion = 10.0.40219.1
Project("{FAE04EC0-301F-11D3-BF4B-00C04F79EFBC}") = "laba 4 oop", "laba 4 oop\laba 4 oop.csproj", "{3B7991EE-CBD8-4BA1-868F-4AE54C823B90}"
EndProject
Global
	GlobalSection(SolutionConfigurationPlatforms) = preSolution
		Debug|Any CPU = Debug|Any CPU
		Release|Any CPU = Release|Any CPU
	EndGlobalSection
	GlobalSection(ProjectConfigurationPlatforms) = postSolution
		{3B7991EE-CBD8-4BA1-868F-4AE54C823B90}.Debug|Any CPU.ActiveCfg = Debug|Any CPU
		{3B7991EE-CBD8-4BA1-868F-4AE54C823B90}.Debug|Any CPU.Build.0 = Debug|Any CPU
		{3B7991EE-CBD8-4BA1-868F-4AE54C823B90}.Release|Any CPU.ActiveCfg = Release|Any CPU
		{3B7991EE-CBD8-4BA1-868F-4AE54C823B90}.Release|Any CPU.Build.0 = Release|Any CPU
	EndGlobalSection
	GlobalSection(SolutionProperties) = preSolution
		HideSolutionNode = FALSE
	EndGlobalSection
	GlobalSection(ExtensibilityGlobals) = postSolution
		SolutionGuid = {4A7E5FF3-CD6F-4285-BF6D-E611782F8418}
	EndGlobalSection
EndGlobal
